
Microsoft Visual Studio Solution File, Format Version 12.00
# Visual Studio 2012
Project("{FAE04EC0-301F-11D3-BF4B-00C04F79EFBC}") = "ServerHelper", "ServerHelper\ServerHelper.csproj", "{40915301-30D9-4D27-8C7D-2A8436859917}"
EndProject
Project("{FAE04EC0-301F-11D3-BF4B-00C04F79EFBC}") = "ServerHelperDll", "ServerHelperDll\ServerHelperDll.csproj", "{AD00FCE0-51D4-45AC-859F-ADCE53592642}"
EndProject
Global
	GlobalSection(SolutionConfigurationPlatforms) = preSolution
		Debug|Any CPU = Debug|Any CPU
		Release|Any CPU = Release|Any CPU
	EndGlobalSection
	GlobalSection(ProjectConfigurationPlatforms) = postSolution
		{40915301-30D9-4D27-8C7D-2A8436859917}.Debug|Any CPU.ActiveCfg = Debug|Any CPU
		{40915301-30D9-4D27-8C7D-2A8436859917}.Debug|Any CPU.Build.0 = Debug|Any CPU
		{40915301-30D9-4D27-8C7D-2A8436859917}.Release|Any CPU.ActiveCfg = Release|Any CPU
		{40915301-30D9-4D27-8C7D-2A8436859917}.Release|Any CPU.Build.0 = Release|Any CPU
		{AD00FCE0-51D4-45AC-859F-ADCE53592642}.Debug|Any CPU.ActiveCfg = Debug|Any CPU
		{AD00FCE0-51D4-45AC-859F-ADCE53592642}.Debug|Any CPU.Build.0 = Debug|Any CPU
		{AD00FCE0-51D4-45AC-859F-ADCE53592642}.Release|Any CPU.ActiveCfg = Release|Any CPU
		{AD00FCE0-51D4-45AC-859F-ADCE53592642}.Release|Any CPU.Build.0 = Release|Any CPU
	EndGlobalSection
	GlobalSection(SolutionProperties) = preSolution
		HideSolutionNode = FALSE
	EndGlobalSection
EndGlobal
